// !$*UTF8*$!
{
	archiveVersion = 1;
	classes = {
	};
	objectVersion = 46;
	objects = {

/* Begin PBXBuildFile section */
		37BCD82A263663D2009C23E9 /* ViewController.swift in Sources */ = {isa = PBXBuildFile; fileRef = 37BCD821263663D2009C23E9 /* ViewController.swift */; };
		37BCD82B263663D2009C23E9 /* DataGenerator.swift in Sources */ = {isa = PBXBuildFile; fileRef = 37BCD822263663D2009C23E9 /* DataGenerator.swift */; };
		37BCD82C263663D2009C23E9 /* SampleViewController.swift in Sources */ = {isa = PBXBuildFile; fileRef = 37BCD823263663D2009C23E9 /* SampleViewController.swift */; };
		37BCD82D263663D2009C23E9 /* Assets.xcassets in Resources */ = {isa = PBXBuildFile; fileRef = 37BCD824263663D2009C23E9 /* Assets.xcassets */; };
		37BCD82E263663D2009C23E9 /* LaunchScreen.storyboard in Resources */ = {isa = PBXBuildFile; fileRef = 37BCD825263663D2009C23E9 /* LaunchScreen.storyboard */; };
		37BCD82F263663D2009C23E9 /* Main.storyboard in Resources */ = {isa = PBXBuildFile; fileRef = 37BCD827263663D2009C23E9 /* Main.storyboard */; };
		37BCD830263663D2009C23E9 /* AppDelegate.swift in Sources */ = {isa = PBXBuildFile; fileRef = 37BCD828263663D2009C23E9 /* AppDelegate.swift */; };
		37BCD84126366497009C23E9 /* CGFloat+Convert.swift in Sources */ = {isa = PBXBuildFile; fileRef = 37BCD83926366497009C23E9 /* CGFloat+Convert.swift */; };
		37BCD84226366497009C23E9 /* LoosenRefreshView.swift in Sources */ = {isa = PBXBuildFile; fileRef = 37BCD83A26366497009C23E9 /* LoosenRefreshView.swift */; };
		37BCD84326366497009C23E9 /* BottomRefreshContainerView.swift in Sources */ = {isa = PBXBuildFile; fileRef = 37BCD83B26366497009C23E9 /* BottomRefreshContainerView.swift */; };
		37BCD84426366497009C23E9 /* TopRefreshContainerView.swift in Sources */ = {isa = PBXBuildFile; fileRef = 37BCD83C26366497009C23E9 /* TopRefreshContainerView.swift */; };
		37BCD84526366497009C23E9 /* UIScrollView+PullToRefresh.swift in Sources */ = {isa = PBXBuildFile; fileRef = 37BCD83D26366497009C23E9 /* UIScrollView+PullToRefresh.swift */; };
		37BCD84626366497009C23E9 /* UIView+FirstReponder.swift in Sources */ = {isa = PBXBuildFile; fileRef = 37BCD83E26366497009C23E9 /* UIView+FirstReponder.swift */; };
		37BCD84726366497009C23E9 /* InfiniteScrollView.swift in Sources */ = {isa = PBXBuildFile; fileRef = 37BCD83F26366497009C23E9 /* InfiniteScrollView.swift */; };
		37BCD84826366497009C23E9 /* RefreshContainerView.swift in Sources */ = {isa = PBXBuildFile; fileRef = 37BCD84026366497009C23E9 /* RefreshContainerView.swift */; };
/* End PBXBuildFile section */

/* Begin PBXFileReference section */
		37BCD821263663D2009C23E9 /* ViewController.swift */ = {isa = PBXFileReference; fileEncoding = 4; lastKnownFileType = sourcecode.swift; path = ViewController.swift; sourceTree = "<group>"; };
		37BCD822263663D2009C23E9 /* DataGenerator.swift */ = {isa = PBXFileReference; fileEncoding = 4; lastKnownFileType = sourcecode.swift; path = DataGenerator.swift; sourceTree = "<group>"; };
		37BCD823263663D2009C23E9 /* SampleViewController.swift */ = {isa = PBXFileReference; fileEncoding = 4; lastKnownFileType = sourcecode.swift; path = SampleViewController.swift; sourceTree = "<group>"; };
		37BCD824263663D2009C23E9 /* Assets.xcassets */ = {isa = PBXFileReference; lastKnownFileType = folder.assetcatalog; path = Assets.xcassets; sourceTree = "<group>"; };
		37BCD826263663D2009C23E9 /* Base */ = {isa = PBXFileReference; lastKnownFileType = file.storyboard; name = Base; path = Base.lproj/LaunchScreen.storyboard; sourceTree = "<group>"; };
		37BCD827263663D2009C23E9 /* Main.storyboard */ = {isa = PBXFileReference; fileEncoding = 4; lastKnownFileType = file.storyboard; path = Main.storyboard; sourceTree = "<group>"; };
		37BCD828263663D2009C23E9 /* AppDelegate.swift */ = {isa = PBXFileReference; fileEncoding = 4; lastKnownFileType = sourcecode.swift; path = AppDelegate.swift; sourceTree = "<group>"; };
		37BCD829263663D2009C23E9 /* Info.plist */ = {isa = PBXFileReference; fileEncoding = 4; lastKnownFileType = text.plist.xml; path = Info.plist; sourceTree = "<group>"; };
		37BCD83926366497009C23E9 /* CGFloat+Convert.swift */ = {isa = PBXFileReference; fileEncoding = 4; lastKnownFileType = sourcecode.swift; path = "CGFloat+Convert.swift"; sourceTree = "<group>"; };
		37BCD83A26366497009C23E9 /* LoosenRefreshView.swift */ = {isa = PBXFileReference; fileEncoding = 4; lastKnownFileType = sourcecode.swift; path = LoosenRefreshView.swift; sourceTree = "<group>"; };
		37BCD83B26366497009C23E9 /* BottomRefreshContainerView.swift */ = {isa = PBXFileReference; fileEncoding = 4; lastKnownFileType = sourcecode.swift; path = BottomRefreshContainerView.swift; sourceTree = "<group>"; };
		37BCD83C26366497009C23E9 /* TopRefreshContainerView.swift */ = {isa = PBXFileReference; fileEncoding = 4; lastKnownFileType = sourcecode.swift; path = TopRefreshContainerView.swift; sourceTree = "<group>"; };
		37BCD83D26366497009C23E9 /* UIScrollView+PullToRefresh.swift */ = {isa = PBXFileReference; fileEncoding = 4; lastKnownFileType = sourcecode.swift; path = "UIScrollView+PullToRefresh.swift"; sourceTree = "<group>"; };
		37BCD83E26366497009C23E9 /* UIView+FirstReponder.swift */ = {isa = PBXFileReference; fileEncoding = 4; lastKnownFileType = sourcecode.swift; path = "UIView+FirstReponder.swift"; sourceTree = "<group>"; };
		37BCD83F26366497009C23E9 /* InfiniteScrollView.swift */ = {isa = PBXFileReference; fileEncoding = 4; lastKnownFileType = sourcecode.swift; path = InfiniteScrollView.swift; sourceTree = "<group>"; };
		37BCD84026366497009C23E9 /* RefreshContainerView.swift */ = {isa = PBXFileReference; fileEncoding = 4; lastKnownFileType = sourcecode.swift; path = RefreshContainerView.swift; sourceTree = "<group>"; };
		466AA1D21B31B01E00FA13B3 /* PullToRefresh.app */ = {isa = PBXFileReference; explicitFileType = wrapper.application; includeInIndex = 0; path = PullToRefresh.app; sourceTree = BUILT_PRODUCTS_DIR; };
/* End PBXFileReference section */

/* Begin PBXFrameworksBuildPhase section */
		466AA1CF1B31B01E00FA13B3 /* Frameworks */ = {
			isa = PBXFrameworksBuildPhase;
			buildActionMask = 2147483647;
			files = (
			);
			runOnlyForDeploymentPostprocessing = 0;
		};
/* End PBXFrameworksBuildPhase section */

/* Begin PBXGroup section */
		37BCD820263663D2009C23E9 /* Example */ = {
			isa = PBXGroup;
			children = (
				37BCD821263663D2009C23E9 /* ViewController.swift */,
				37BCD822263663D2009C23E9 /* DataGenerator.swift */,
				37BCD823263663D2009C23E9 /* SampleViewController.swift */,
				37BCD824263663D2009C23E9 /* Assets.xcassets */,
				37BCD825263663D2009C23E9 /* LaunchScreen.storyboard */,
				37BCD827263663D2009C23E9 /* Main.storyboard */,
				37BCD828263663D2009C23E9 /* AppDelegate.swift */,
				37BCD829263663D2009C23E9 /* Info.plist */,
			);
			path = Example;
			sourceTree = "<group>";
		};
		37BCD83826366497009C23E9 /* Sources */ = {
			isa = PBXGroup;
			children = (
				37BCD83926366497009C23E9 /* CGFloat+Convert.swift */,
				37BCD83A26366497009C23E9 /* LoosenRefreshView.swift */,
				37BCD83B26366497009C23E9 /* BottomRefreshContainerView.swift */,
				37BCD83C26366497009C23E9 /* TopRefreshContainerView.swift */,
				37BCD83D26366497009C23E9 /* UIScrollView+PullToRefresh.swift */,
				37BCD83E26366497009C23E9 /* UIView+FirstReponder.swift */,
				37BCD83F26366497009C23E9 /* InfiniteScrollView.swift */,
				37BCD84026366497009C23E9 /* RefreshContainerView.swift */,
			);
			path = Sources;
			sourceTree = "<group>";
		};
		466AA1C91B31B01E00FA13B3 = {
			isa = PBXGroup;
			children = (
				37BCD83826366497009C23E9 /* Sources */,
				37BCD820263663D2009C23E9 /* Example */,
				466AA1D31B31B01E00FA13B3 /* Products */,
			);
			sourceTree = "<group>";
		};
		466AA1D31B31B01E00FA13B3 /* Products */ = {
			isa = PBXGroup;
			children = (
				466AA1D21B31B01E00FA13B3 /* PullToRefresh.app */,
			);
			name = Products;
			sourceTree = "<group>";
		};
/* End PBXGroup section */

/* Begin PBXNativeTarget section */
		466AA1D11B31B01E00FA13B3 /* PullToRefresh */ = {
			isa = PBXNativeTarget;
			buildConfigurationList = 466AA1FA1B31B01E00FA13B3 /* Build configuration list for PBXNativeTarget "PullToRefresh" */;
			buildPhases = (
				466AA1CE1B31B01E00FA13B3 /* Sources */,
				466AA1CF1B31B01E00FA13B3 /* Frameworks */,
				466AA1D01B31B01E00FA13B3 /* Resources */,
			);
			buildRules = (
			);
			dependencies = (
			);
			name = PullToRefresh;
			productName = PullToRefresh;
			productReference = 466AA1D21B31B01E00FA13B3 /* PullToRefresh.app */;
			productType = "com.apple.product-type.application";
		};
/* End PBXNativeTarget section */

/* Begin PBXProject section */
		466AA1CA1B31B01E00FA13B3 /* Project object */ = {
			isa = PBXProject;
			attributes = {
				LastSwiftUpdateCheck = 0700;
				LastUpgradeCheck = 1240;
				ORGANIZATIONNAME = "Moch Xiao";
				TargetAttributes = {
					466AA1D11B31B01E00FA13B3 = {
						CreatedOnToolsVersion = 7.0;
						LastSwiftMigration = 0800;
					};
				};
			};
			buildConfigurationList = 466AA1CD1B31B01E00FA13B3 /* Build configuration list for PBXProject "PullToRefresh" */;
			compatibilityVersion = "Xcode 3.2";
			developmentRegion = en;
			hasScannedForEncodings = 0;
			knownRegions = (
				en,
				Base,
			);
			mainGroup = 466AA1C91B31B01E00FA13B3;
			productRefGroup = 466AA1D31B31B01E00FA13B3 /* Products */;
			projectDirPath = "";
			projectRoot = "";
			targets = (
				466AA1D11B31B01E00FA13B3 /* PullToRefresh */,
			);
		};
/* End PBXProject section */

/* Begin PBXResourcesBuildPhase section */
		466AA1D01B31B01E00FA13B3 /* Resources */ = {
			isa = PBXResourcesBuildPhase;
			buildActionMask = 2147483647;
			files = (
				37BCD82F263663D2009C23E9 /* Main.storyboard in Resources */,
				37BCD82D263663D2009C23E9 /* Assets.xcassets in Resources */,
				37BCD82E263663D2009C23E9 /* LaunchScreen.storyboard in Resources */,
			);
			runOnlyForDeploymentPostprocessing = 0;
		};
/* End PBXResourcesBuildPhase section */

/* Begin PBXSourcesBuildPhase section */
		466AA1CE1B31B01E00FA13B3 /* Sources */ = {
			isa = PBXSourcesBuildPhase;
			buildActionMask = 2147483647;
			files = (
				37BCD84526366497009C23E9 /* UIScrollView+PullToRefresh.swift in Sources */,
				37BCD84426366497009C23E9 /* TopRefreshContainerView.swift in Sources */,
				37BCD84326366497009C23E9 /* BottomRefreshContainerView.swift in Sources */,
				37BCD830263663D2009C23E9 /* AppDelegate.swift in Sources */,
				37BCD82C263663D2009C23E9 /* SampleViewController.swift in Sources */,
				37BCD84226366497009C23E9 /* LoosenRefreshView.swift in Sources */,
				37BCD84826366497009C23E9 /* RefreshContainerView.swift in Sources */,
				37BCD84626366497009C23E9 /* UIView+FirstReponder.swift in Sources */,
				37BCD82A263663D2009C23E9 /* ViewController.swift in Sources */,
				37BCD84126366497009C23E9 /* CGFloat+Convert.swift in Sources */,
				37BCD84726366497009C23E9 /* InfiniteScrollView.swift in Sources */,
				37BCD82B263663D2009C23E9 /* DataGenerator.swift in Sources */,
			);
			runOnlyForDeploymentPostprocessing = 0;
		};
/* End PBXSourcesBuildPhase section */

/* Begin PBXVariantGroup section */
		37BCD825263663D2009C23E9 /* LaunchScreen.storyboard */ = {
			isa = PBXVariantGroup;
			children = (
				37BCD826263663D2009C23E9 /* Base */,
			);
			name = LaunchScreen.storyboard;
			sourceTree = "<group>";
		};
/* End PBXVariantGroup section */

/* Begin XCBuildConfiguration section */
		466AA1F81B31B01E00FA13B3 /* Debug */ = {
			isa = XCBuildConfiguration;
			buildSettings = {
				ALWAYS_SEARCH_USER_PATHS = NO;
				CLANG_ANALYZER_LOCALIZABILITY_NONLOCALIZED = YES;
				CLANG_CXX_LANGUAGE_STANDARD = "gnu++0x";
				CLANG_CXX_LIBRARY = "libc++";
				CLANG_ENABLE_MODULES = YES;
				CLANG_ENABLE_OBJC_ARC = YES;
				CLANG_WARN_BLOCK_CAPTURE_AUTORELEASING = YES;
				CLANG_WARN_BOOL_CONVERSION = YES;
				CLANG_WARN_COMMA = YES;
				CLANG_WARN_CONSTANT_CONVERSION = YES;
				CLANG_WARN_DEPRECATED_OBJC_IMPLEMENTATIONS = YES;
				CLANG_WARN_DIRECT_OBJC_ISA_USAGE = YES_ERROR;
				CLANG_WARN_EMPTY_BODY = YES;
				CLANG_WARN_ENUM_CONVERSION = YES;
				CLANG_WARN_INFINITE_RECURSION = YES;
				CLANG_WARN_INT_CONVERSION = YES;
				CLANG_WARN_NON_LITERAL_NULL_CONVERSION = YES;
				CLANG_WARN_OBJC_IMPLICIT_RETAIN_SELF = YES;
				CLANG_WARN_OBJC_LITERAL_CONVERSION = YES;
				CLANG_WARN_OBJC_ROOT_CLASS = YES_ERROR;
				CLANG_WARN_QUOTED_INCLUDE_IN_FRAMEWORK_HEADER = YES;
				CLANG_WARN_RANGE_LOOP_ANALYSIS = YES;
				CLANG_WARN_STRICT_PROTOTYPES = YES;
				CLANG_WARN_SUSPICIOUS_MOVE = YES;
				CLANG_WARN_UNREACHABLE_CODE = YES;
				CLANG_WARN__DUPLICATE_METHOD_MATCH = YES;
				"CODE_SIGN_IDENTITY[sdk=iphoneos*]" = "iPhone Developer";
				COPY_PHASE_STRIP = NO;
				DEBUG_INFORMATION_FORMAT = dwarf;
				ENABLE_STRICT_OBJC_MSGSEND = YES;
				ENABLE_TESTABILITY = YES;
				GCC_C_LANGUAGE_STANDARD = gnu99;
				GCC_DYNAMIC_NO_PIC = NO;
				GCC_NO_COMMON_BLOCKS = YES;
				GCC_OPTIMIZATION_LEVEL = 0;
				GCC_PREPROCESSOR_DEFINITIONS = (
					"DEBUG=1",
					"$(inherited)",
				);
				GCC_WARN_64_TO_32_BIT_CONVERSION = YES;
				GCC_WARN_ABOUT_RETURN_TYPE = YES_ERROR;
				GCC_WARN_UNDECLARED_SELECTOR = YES;
				GCC_WARN_UNINITIALIZED_AUTOS = YES_AGGRESSIVE;
				GCC_WARN_UNUSED_FUNCTION = YES;
				GCC_WARN_UNUSED_VARIABLE = YES;
				IPHONEOS_DEPLOYMENT_TARGET = 12.0;
				MTL_ENABLE_DEBUG_INFO = YES;
				ONLY_ACTIVE_ARCH = YES;
				SDKROOT = iphoneos;
				SWIFT_OPTIMIZATION_LEVEL = "-Onone";
				TARGETED_DEVICE_FAMILY = "1,2";
			};
			name = Debug;
		};
		466AA1F91B31B01E00FA13B3 /* Release */ = {
			isa = XCBuildConfiguration;
			buildSettings = {
				ALWAYS_SEARCH_USER_PATHS = NO;
				CLANG_ANALYZER_LOCALIZABILITY_NONLOCALIZED = YES;
				CLANG_CXX_LANGUAGE_STANDARD = "gnu++0x";
				CLANG_CXX_LIBRARY = "libc++";
				CLANG_ENABLE_MODULES = YES;
				CLANG_ENABLE_OBJC_ARC = YES;
				CLANG_WARN_BLOCK_CAPTURE_AUTORELEASING = YES;
				CLANG_WARN_BOOL_CONVERSION = YES;
				CLANG_WARN_COMMA = YES;
				CLANG_WARN_CONSTANT_CONVERSION = YES;
				CLANG_WARN_DEPRECATED_OBJC_IMPLEMENTATIONS = YES;
				CLANG_WARN_DIRECT_OBJC_ISA_USAGE = YES_ERROR;
				CLANG_WARN_EMPTY_BODY = YES;
				CLANG_WARN_ENUM_CONVERSION = YES;
				CLANG_WARN_INFINITE_RECURSION = YES;
				CLANG_WARN_INT_CONVERSION = YES;
				CLANG_WARN_NON_LITERAL_NULL_CONVERSION = YES;
				CLANG_WARN_OBJC_IMPLICIT_RETAIN_SELF = YES;
				CLANG_WARN_OBJC_LITERAL_CONVERSION = YES;
				CLANG_WARN_OBJC_ROOT_CLASS = YES_ERROR;
				CLANG_WARN_QUOTED_INCLUDE_IN_FRAMEWORK_HEADER = YES;
				CLANG_WARN_RANGE_LOOP_ANALYSIS = YES;
				CLANG_WARN_STRICT_PROTOTYPES = YES;
				CLANG_WARN_SUSPICIOUS_MOVE = YES;
				CLANG_WARN_UNREACHABLE_CODE = YES;
				CLANG_WARN__DUPLICATE_METHOD_MATCH = YES;
				"CODE_SIGN_IDENTITY[sdk=iphoneos*]" = "iPhone Developer";
				COPY_PHASE_STRIP = NO;
				DEBUG_INFORMATION_FORMAT = "dwarf-with-dsym";
				ENABLE_NS_ASSERTIONS = NO;
				ENABLE_STRICT_OBJC_MSGSEND = YES;
				GCC_C_LANGUAGE_STANDARD = gnu99;
				GCC_NO_COMMON_BLOCKS = YES;
				GCC_WARN_64_TO_32_BIT_CONVERSION = YES;
				GCC_WARN_ABOUT_RETURN_TYPE = YES_ERROR;
				GCC_WARN_UNDECLARED_SELECTOR = YES;
				GCC_WARN_UNINITIALIZED_AUTOS = YES_AGGRESSIVE;
				GCC_WARN_UNUSED_FUNCTION = YES;
				GCC_WARN_UNUSED_VARIABLE = YES;
				IPHONEOS_DEPLOYMENT_TARGET = 12.0;
				MTL_ENABLE_DEBUG_INFO = NO;
				SDKROOT = iphoneos;
				SWIFT_OPTIMIZATION_LEVEL = "-Owholemodule";
				TARGETED_DEVICE_FAMILY = "1,2";
				VALIDATE_PRODUCT = YES;
			};
			name = Release;
		};
		466AA1FB1B31B01E00FA13B3 /* Debug */ = {
			isa = XCBuildConfiguration;
			buildSettings = {
				ASSETCATALOG_COMPILER_APPICON_NAME = AppIcon;
				CLANG_ENABLE_MODULES = YES;
				INFOPLIST_FILE = Example/Info.plist;
				IPHONEOS_DEPLOYMENT_TARGET = 12.0;
				LD_RUNPATH_SEARCH_PATHS = "$(inherited) @executable_path/Frameworks";
				OTHER_SWIFT_FLAGS = "\"-D\" \"DEBUG\"";
				PRODUCT_BUNDLE_IDENTIFIER = com.foobar.PullToRefresh;
				PRODUCT_NAME = "$(TARGET_NAME)";
				SWIFT_OPTIMIZATION_LEVEL = "-Onone";
				SWIFT_VERSION = 5.0;
			};
			name = Debug;
		};
		466AA1FC1B31B01E00FA13B3 /* Release */ = {
			isa = XCBuildConfiguration;
			buildSettings = {
				ASSETCATALOG_COMPILER_APPICON_NAME = AppIcon;
				CLANG_ENABLE_MODULES = YES;
				INFOPLIST_FILE = Example/Info.plist;
				IPHONEOS_DEPLOYMENT_TARGET = 12.0;
				LD_RUNPATH_SEARCH_PATHS = "$(inherited) @executable_path/Frameworks";
				OTHER_SWIFT_FLAGS = "\"-D\" \"DEBUG\"";
				PRODUCT_BUNDLE_IDENTIFIER = com.foobar.PullToRefresh;
				PRODUCT_NAME = "$(TARGET_NAME)";
				SWIFT_VERSION = 5.0;
			};
			name = Release;
		};
/* End XCBuildConfiguration section */

/* Begin XCConfigurationList section */
		466AA1CD1B31B01E00FA13B3 /* Build configuration list for PBXProject "PullToRefresh" */ = {
			isa = XCConfigurationList;
			buildConfigurations = (
				466AA1F81B31B01E00FA13B3 /* Debug */,
				466AA1F91B31B01E00FA13B3 /* Release */,
			);
			defaultConfigurationIsVisible = 0;
			defaultConfigurationName = Release;
		};
		466AA1FA1B31B01E00FA13B3 /* Build configuration list for PBXNativeTarget "PullToRefresh" */ = {
			isa = XCConfigurationList;
			buildConfigurations = (
				466AA1FB1B31B01E00FA13B3 /* Debug */,
				466AA1FC1B31B01E00FA13B3 /* Release */,
			);
			defaultConfigurationIsVisible = 0;
			defaultConfigurationName = Release;
		};
/* End XCConfigurationList section */
	};
	rootObject = 466AA1CA1B31B01E00FA13B3 /* Project object */;
}
